// !$*UTF8*$!
{
	archiveVersion = 1;
	classes = {
	};
	objectVersion = 50;
	objects = {

/* Begin PBXBuildFile section */
		893BA8BCABF3B613BA8C7BD8 /* Pods_Tumblr.framework in Frameworks */ = {isa = PBXBuildFile; fileRef = F4984E754F1D41E9C56CFB5C /* Pods_Tumblr.framework */; };
		A8CB1250F9F98559C97622F6 /* Pods_TumblrUITests.framework in Frameworks */ = {isa = PBXBuildFile; fileRef = 5C8E3470F2794B4996DD490A /* Pods_TumblrUITests.framework */; };
		BBE80922212B49DB00CE5237 /* AppDelegate.swift in Sources */ = {isa = PBXBuildFile; fileRef = BBE80921212B49DB00CE5237 /* AppDelegate.swift */; };
		BBE80927212B49DB00CE5237 /* Main.storyboard in Resources */ = {isa = PBXBuildFile; fileRef = BBE80925212B49DB00CE5237 /* Main.storyboard */; };
		BBE80929212B49DD00CE5237 /* Assets.xcassets in Resources */ = {isa = PBXBuildFile; fileRef = BBE80928212B49DD00CE5237 /* Assets.xcassets */; };
		BBE8092C212B49DD00CE5237 /* LaunchScreen.storyboard in Resources */ = {isa = PBXBuildFile; fileRef = BBE8092A212B49DD00CE5237 /* LaunchScreen.storyboard */; };
		BBE80937212B49DD00CE5237 /* TumblrTests.swift in Sources */ = {isa = PBXBuildFile; fileRef = BBE80936212B49DD00CE5237 /* TumblrTests.swift */; };
		BBE80942212B49DD00CE5237 /* TumblrUITests.swift in Sources */ = {isa = PBXBuildFile; fileRef = BBE80941212B49DD00CE5237 /* TumblrUITests.swift */; };
		BBE80950212B4A7300CE5237 /* PhotosViewController.swift in Sources */ = {isa = PBXBuildFile; fileRef = BBE8094F212B4A7300CE5237 /* PhotosViewController.swift */; };
		BBE80952212B503400CE5237 /* PhotoTableViewCell.swift in Sources */ = {isa = PBXBuildFile; fileRef = BBE80951212B503400CE5237 /* PhotoTableViewCell.swift */; };
		BBE80954212B53B700CE5237 /* DetailsViewController.swift in Sources */ = {isa = PBXBuildFile; fileRef = BBE80953212B53B700CE5237 /* DetailsViewController.swift */; };
		FBC507BD3AD9B5C5A3D9AF46 /* Pods_TumblrTests.framework in Frameworks */ = {isa = PBXBuildFile; fileRef = 56EA6B2576950666A7AE0369 /* Pods_TumblrTests.framework */; };
/* End PBXBuildFile section */

/* Begin PBXContainerItemProxy section */
		BBE80933212B49DD00CE5237 /* PBXContainerItemProxy */ = {
			isa = PBXContainerItemProxy;
			containerPortal = BBE80916212B49DA00CE5237 /* Project object */;
			proxyType = 1;
			remoteGlobalIDString = BBE8091D212B49DB00CE5237;
			remoteInfo = Tumblr;
		};
		BBE8093E212B49DD00CE5237 /* PBXContainerItemProxy */ = {
			isa = PBXContainerItemProxy;
			containerPortal = BBE80916212B49DA00CE5237 /* Project object */;
			proxyType = 1;
			remoteGlobalIDString = BBE8091D212B49DB00CE5237;
			remoteInfo = Tumblr;
		};
/* End PBXContainerItemProxy section */

/* Begin PBXFileReference section */
		3B7099F2DFE227AFB1C67E93 /* Pods-TumblrUITests.release.xcconfig */ = {isa = PBXFileReference; includeInIndex = 1; lastKnownFileType = text.xcconfig; name = "Pods-TumblrUITests.release.xcconfig"; path = "Pods/Target Support Files/Pods-TumblrUITests/Pods-TumblrUITests.release.xcconfig"; sourceTree = "<group>"; };
		56EA6B2576950666A7AE0369 /* Pods_TumblrTests.framework */ = {isa = PBXFileReference; explicitFileType = wrapper.framework; includeInIndex = 0; path = Pods_TumblrTests.framework; sourceTree = BUILT_PRODUCTS_DIR; };
		5C8E3470F2794B4996DD490A /* Pods_TumblrUITests.framework */ = {isa = PBXFileReference; explicitFileType = wrapper.framework; includeInIndex = 0; path = Pods_TumblrUITests.framework; sourceTree = BUILT_PRODUCTS_DIR; };
		9AA97BF9D79182B55A9D9008 /* Pods-Tumblr.debug.xcconfig */ = {isa = PBXFileReference; includeInIndex = 1; lastKnownFileType = text.xcconfig; name = "Pods-Tumblr.debug.xcconfig"; path = "Pods/Target Support Files/Pods-Tumblr/Pods-Tumblr.debug.xcconfig"; sourceTree = "<group>"; };
		B75BCDAF52B52CBADE66FCEB /* Pods-TumblrUITests.debug.xcconfig */ = {isa = PBXFileReference; includeInIndex = 1; lastKnownFileType = text.xcconfig; name = "Pods-TumblrUITests.debug.xcconfig"; path = "Pods/Target Support Files/Pods-TumblrUITests/Pods-TumblrUITests.debug.xcconfig"; sourceTree = "<group>"; };
		BBE8091E212B49DB00CE5237 /* Tumblr.app */ = {isa = PBXFileReference; explicitFileType = wrapper.application; includeInIndex = 0; path = Tumblr.app; sourceTree = BUILT_PRODUCTS_DIR; };
		BBE80921212B49DB00CE5237 /* AppDelegate.swift */ = {isa = PBXFileReference; lastKnownFileType = sourcecode.swift; path = AppDelegate.swift; sourceTree = "<group>"; };
		BBE80926212B49DB00CE5237 /* Base */ = {isa = PBXFileReference; lastKnownFileType = file.storyboard; name = Base; path = Base.lproj/Main.storyboard; sourceTree = "<group>"; };
		BBE80928212B49DD00CE5237 /* Assets.xcassets */ = {isa = PBXFileReference; lastKnownFileType = folder.assetcatalog; path = Assets.xcassets; sourceTree = "<group>"; };
		BBE8092B212B49DD00CE5237 /* Base */ = {isa = PBXFileReference; lastKnownFileType = file.storyboard; name = Base; path = Base.lproj/LaunchScreen.storyboard; sourceTree = "<group>"; };
		BBE8092D212B49DD00CE5237 /* Info.plist */ = {isa = PBXFileReference; lastKnownFileType = text.plist.xml; path = Info.plist; sourceTree = "<group>"; };
		BBE80932212B49DD00CE5237 /* TumblrTests.xctest */ = {isa = PBXFileReference; explicitFileType = wrapper.cfbundle; includeInIndex = 0; path = TumblrTests.xctest; sourceTree = BUILT_PRODUCTS_DIR; };
		BBE80936212B49DD00CE5237 /* TumblrTests.swift */ = {isa = PBXFileReference; lastKnownFileType = sourcecode.swift; path = TumblrTests.swift; sourceTree = "<group>"; };
		BBE80938212B49DD00CE5237 /* Info.plist */ = {isa = PBXFileReference; lastKnownFileType = text.plist.xml; path = Info.plist; sourceTree = "<group>"; };
		BBE8093D212B49DD00CE5237 /* TumblrUITests.xctest */ = {isa = PBXFileReference; explicitFileType = wrapper.cfbundle; includeInIndex = 0; path = TumblrUITests.xctest; sourceTree = BUILT_PRODUCTS_DIR; };
		BBE80941212B49DD00CE5237 /* TumblrUITests.swift */ = {isa = PBXFileReference; lastKnownFileType = sourcecode.swift; path = TumblrUITests.swift; sourceTree = "<group>"; };
		BBE80943212B49DD00CE5237 /* Info.plist */ = {isa = PBXFileReference; lastKnownFileType = text.plist.xml; path = Info.plist; sourceTree = "<group>"; };
		BBE8094F212B4A7300CE5237 /* PhotosViewController.swift */ = {isa = PBXFileReference; lastKnownFileType = sourcecode.swift; path = PhotosViewController.swift; sourceTree = "<group>"; };
		BBE80951212B503400CE5237 /* PhotoTableViewCell.swift */ = {isa = PBXFileReference; lastKnownFileType = sourcecode.swift; path = PhotoTableViewCell.swift; sourceTree = "<group>"; };
		BBE80953212B53B700CE5237 /* DetailsViewController.swift */ = {isa = PBXFileReference; lastKnownFileType = sourcecode.swift; path = DetailsViewController.swift; sourceTree = "<group>"; };
		C17E8BB50E547586DFA0825A /* Pods-Tumblr.release.xcconfig */ = {isa = PBXFileReference; includeInIndex = 1; lastKnownFileType = text.xcconfig; name = "Pods-Tumblr.release.xcconfig"; path = "Pods/Target Support Files/Pods-Tumblr/Pods-Tumblr.release.xcconfig"; sourceTree = "<group>"; };
		C6D98C853907F0185C34B227 /* Pods-TumblrTests.release.xcconfig */ = {isa = PBXFileReference; includeInIndex = 1; lastKnownFileType = text.xcconfig; name = "Pods-TumblrTests.release.xcconfig"; path = "Pods/Target Support Files/Pods-TumblrTests/Pods-TumblrTests.release.xcconfig"; sourceTree = "<group>"; };
		D312F006A3FE703A2565869D /* Pods-TumblrTests.debug.xcconfig */ = {isa = PBXFileReference; includeInIndex = 1; lastKnownFileType = text.xcconfig; name = "Pods-TumblrTests.debug.xcconfig"; path = "Pods/Target Support Files/Pods-TumblrTests/Pods-TumblrTests.debug.xcconfig"; sourceTree = "<group>"; };
		F4984E754F1D41E9C56CFB5C /* Pods_Tumblr.framework */ = {isa = PBXFileReference; explicitFileType = wrapper.framework; includeInIndex = 0; path = Pods_Tumblr.framework; sourceTree = BUILT_PRODUCTS_DIR; };
/* End PBXFileReference section */

/* Begin PBXFrameworksBuildPhase section */
		BBE8091B212B49DB00CE5237 /* Frameworks */ = {
			isa = PBXFrameworksBuildPhase;
			buildActionMask = 2147483647;
			files = (
				893BA8BCABF3B613BA8C7BD8 /* Pods_Tumblr.framework in Frameworks */,
			);
			runOnlyForDeploymentPostprocessing = 0;
		};
		BBE8092F212B49DD00CE5237 /* Frameworks */ = {
			isa = PBXFrameworksBuildPhase;
			buildActionMask = 2147483647;
			files = (
				FBC507BD3AD9B5C5A3D9AF46 /* Pods_TumblrTests.framework in Frameworks */,
			);
			runOnlyForDeploymentPostprocessing = 0;
		};
		BBE8093A212B49DD00CE5237 /* Frameworks */ = {
			isa = PBXFrameworksBuildPhase;
			buildActionMask = 2147483647;
			files = (
				A8CB1250F9F98559C97622F6 /* Pods_TumblrUITests.framework in Frameworks */,
			);
			runOnlyForDeploymentPostprocessing = 0;
		};
/* End PBXFrameworksBuildPhase section */

/* Begin PBXGroup section */
		41DD2334950C6E969418F81C /* Frameworks */ = {
			isa = PBXGroup;
			children = (
				F4984E754F1D41E9C56CFB5C /* Pods_Tumblr.framework */,
				56EA6B2576950666A7AE0369 /* Pods_TumblrTests.framework */,
				5C8E3470F2794B4996DD490A /* Pods_TumblrUITests.framework */,
			);
			name = Frameworks;
			sourceTree = "<group>";
		};
		6AB3E8B1D22BC345EA638120 /* Pods */ = {
			isa = PBXGroup;
			children = (
				9AA97BF9D79182B55A9D9008 /* Pods-Tumblr.debug.xcconfig */,
				C17E8BB50E547586DFA0825A /* Pods-Tumblr.release.xcconfig */,
				D312F006A3FE703A2565869D /* Pods-TumblrTests.debug.xcconfig */,
				C6D98C853907F0185C34B227 /* Pods-TumblrTests.release.xcconfig */,
				B75BCDAF52B52CBADE66FCEB /* Pods-TumblrUITests.debug.xcconfig */,
				3B7099F2DFE227AFB1C67E93 /* Pods-TumblrUITests.release.xcconfig */,
			);
			name = Pods;
			sourceTree = "<group>";
		};
		BBE80915212B49DA00CE5237 = {
			isa = PBXGroup;
			children = (
				BBE80920212B49DB00CE5237 /* Tumblr */,
				BBE80935212B49DD00CE5237 /* TumblrTests */,
				BBE80940212B49DD00CE5237 /* TumblrUITests */,
				BBE8091F212B49DB00CE5237 /* Products */,
				6AB3E8B1D22BC345EA638120 /* Pods */,
				41DD2334950C6E969418F81C /* Frameworks */,
			);
			sourceTree = "<group>";
		};
		BBE8091F212B49DB00CE5237 /* Products */ = {
			isa = PBXGroup;
			children = (
				BBE8091E212B49DB00CE5237 /* Tumblr.app */,
				BBE80932212B49DD00CE5237 /* TumblrTests.xctest */,
				BBE8093D212B49DD00CE5237 /* TumblrUITests.xctest */,
			);
			name = Products;
			sourceTree = "<group>";
		};
		BBE80920212B49DB00CE5237 /* Tumblr */ = {
			isa = PBXGroup;
			children = (
				BBE80921212B49DB00CE5237 /* AppDelegate.swift */,
				BBE80925212B49DB00CE5237 /* Main.storyboard */,
				BBE80953212B53B700CE5237 /* DetailsViewController.swift */,
				BBE80928212B49DD00CE5237 /* Assets.xcassets */,
				BBE8092A212B49DD00CE5237 /* LaunchScreen.storyboard */,
				BBE8092D212B49DD00CE5237 /* Info.plist */,
				BBE8094F212B4A7300CE5237 /* PhotosViewController.swift */,
				BBE80951212B503400CE5237 /* PhotoTableViewCell.swift */,
			);
			path = Tumblr;
			sourceTree = "<group>";
		};
		BBE80935212B49DD00CE5237 /* TumblrTests */ = {
			isa = PBXGroup;
			children = (
				BBE80936212B49DD00CE5237 /* TumblrTests.swift */,
				BBE80938212B49DD00CE5237 /* Info.plist */,
			);
			path = TumblrTests;
			sourceTree = "<group>";
		};
		BBE80940212B49DD00CE5237 /* TumblrUITests */ = {
			isa = PBXGroup;
			children = (
				BBE80941212B49DD00CE5237 /* TumblrUITests.swift */,
				BBE80943212B49DD00CE5237 /* Info.plist */,
			);
			path = TumblrUITests;
			sourceTree = "<group>";
		};
/* End PBXGroup section */

/* Begin PBXNativeTarget section */
		BBE8091D212B49DB00CE5237 /* Tumblr */ = {
			isa = PBXNativeTarget;
			buildConfigurationList = BBE80946212B49DD00CE5237 /* Build configuration list for PBXNativeTarget "Tumblr" */;
			buildPhases = (
				0DCD9583428A354D3F4052F6 /* [CP] Check Pods Manifest.lock */,
				BBE8091A212B49DB00CE5237 /* Sources */,
				BBE8091B212B49DB00CE5237 /* Frameworks */,
				BBE8091C212B49DB00CE5237 /* Resources */,
				296A38CDC806480AED83E75A /* [CP] Embed Pods Frameworks */,
			);
			buildRules = (
			);
			dependencies = (
			);
			name = Tumblr;
			productName = Tumblr;
			productReference = BBE8091E212B49DB00CE5237 /* Tumblr.app */;
			productType = "com.apple.product-type.application";
		};
		BBE80931212B49DD00CE5237 /* TumblrTests */ = {
			isa = PBXNativeTarget;
			buildConfigurationList = BBE80949212B49DD00CE5237 /* Build configuration list for PBXNativeTarget "TumblrTests" */;
			buildPhases = (
				BD0B0FAC6F755DCC7565A213 /* [CP] Check Pods Manifest.lock */,
				BBE8092E212B49DD00CE5237 /* Sources */,
				BBE8092F212B49DD00CE5237 /* Frameworks */,
				BBE80930212B49DD00CE5237 /* Resources */,
			);
			buildRules = (
			);
			dependencies = (
				BBE80934212B49DD00CE5237 /* PBXTargetDependency */,
			);
			name = TumblrTests;
			productName = TumblrTests;
			productReference = BBE80932212B49DD00CE5237 /* TumblrTests.xctest */;
			productType = "com.apple.product-type.bundle.unit-test";
		};
		BBE8093C212B49DD00CE5237 /* TumblrUITests */ = {
			isa = PBXNativeTarget;
			buildConfigurationList = BBE8094C212B49DD00CE5237 /* Build configuration list for PBXNativeTarget "TumblrUITests" */;
			buildPhases = (
				5B86D4E6729445CC4F9779F0 /* [CP] Check Pods Manifest.lock */,
				BBE80939212B49DD00CE5237 /* Sources */,
				BBE8093A212B49DD00CE5237 /* Frameworks */,
				BBE8093B212B49DD00CE5237 /* Resources */,
			);
			buildRules = (
			);
			dependencies = (
				BBE8093F212B49DD00CE5237 /* PBXTargetDependency */,
			);
			name = TumblrUITests;
			productName = TumblrUITests;
			productReference = BBE8093D212B49DD00CE5237 /* TumblrUITests.xctest */;
			productType = "com.apple.product-type.bundle.ui-testing";
		};
/* End PBXNativeTarget section */

/* Begin PBXProject section */
		BBE80916212B49DA00CE5237 /* Project object */ = {
			isa = PBXProject;
			attributes = {
				LastSwiftUpdateCheck = 0940;
				LastUpgradeCheck = 0940;
				ORGANIZATIONNAME = "Rajeev Ram";
				TargetAttributes = {
					BBE8091D212B49DB00CE5237 = {
						CreatedOnToolsVersion = 9.4.1;
					};
					BBE80931212B49DD00CE5237 = {
						CreatedOnToolsVersion = 9.4.1;
						TestTargetID = BBE8091D212B49DB00CE5237;
					};
					BBE8093C212B49DD00CE5237 = {
						CreatedOnToolsVersion = 9.4.1;
						TestTargetID = BBE8091D212B49DB00CE5237;
					};
				};
			};
			buildConfigurationList = BBE80919212B49DA00CE5237 /* Build configuration list for PBXProject "Tumblr" */;
			compatibilityVersion = "Xcode 9.3";
			developmentRegion = en;
			hasScannedForEncodings = 0;
			knownRegions = (
				en,
				Base,
			);
			mainGroup = BBE80915212B49DA00CE5237;
			productRefGroup = BBE8091F212B49DB00CE5237 /* Products */;
			projectDirPath = "";
			projectRoot = "";
			targets = (
				BBE8091D212B49DB00CE5237 /* Tumblr */,
				BBE80931212B49DD00CE5237 /* TumblrTests */,
				BBE8093C212B49DD00CE5237 /* TumblrUITests */,
			);
		};
/* End PBXProject section */

/* Begin PBXResourcesBuildPhase section */
		BBE8091C212B49DB00CE5237 /* Resources */ = {
			isa = PBXResourcesBuildPhase;
			buildActionMask = 2147483647;
			files = (
				BBE8092C212B49DD00CE5237 /* LaunchScreen.storyboard in Resources */,
				BBE80929212B49DD00CE5237 /* Assets.xcassets in Resources */,
				BBE80927212B49DB00CE5237 /* Main.storyboard in Resources */,
			);
			runOnlyForDeploymentPostprocessing = 0;
		};
		BBE80930212B49DD00CE5237 /* Resources */ = {
			isa = PBXResourcesBuildPhase;
			buildActionMask = 2147483647;
			files = (
			);
			runOnlyForDeploymentPostprocessing = 0;
		};
		BBE8093B212B49DD00CE5237 /* Resources */ = {
			isa = PBXResourcesBuildPhase;
			buildActionMask = 2147483647;
			files = (
			);
			runOnlyForDeploymentPostprocessing = 0;
		};
/* End PBXResourcesBuildPhase section */

/* Begin PBXShellScriptBuildPhase section */
		0DCD9583428A354D3F4052F6 /* [CP] Check Pods Manifest.lock */ = {
			isa = PBXShellScriptBuildPhase;
			buildActionMask = 2147483647;
			files = (
			);
			inputPaths = (
				"${PODS_PODFILE_DIR_PATH}/Podfile.lock",
				"${PODS_ROOT}/Manifest.lock",
			);
			name = "[CP] Check Pods Manifest.lock";
			outputPaths = (
				"$(DERIVED_FILE_DIR)/Pods-Tumblr-checkManifestLockResult.txt",
			);
			runOnlyForDeploymentPostprocessing = 0;
			shellPath = /bin/sh;
			shellScript = "diff \"${PODS_PODFILE_DIR_PATH}/Podfile.lock\" \"${PODS_ROOT}/Manifest.lock\" > /dev/null\nif [ $? != 0 ] ; then\n    # print error to STDERR\n    echo \"error: The sandbox is not in sync with the Podfile.lock. Run 'pod install' or update your CocoaPods installation.\" >&2\n    exit 1\nfi\n# This output is used by Xcode 'outputs' to avoid re-running this script phase.\necho \"SUCCESS\" > \"${SCRIPT_OUTPUT_FILE_0}\"\n";
			showEnvVarsInLog = 0;
		};
		296A38CDC806480AED83E75A /* [CP] Embed Pods Frameworks */ = {
			isa = PBXShellScriptBuildPhase;
			buildActionMask = 2147483647;
			files = (
			);
			inputPaths = (
				"${SRCROOT}/Pods/Target Support Files/Pods-Tumblr/Pods-Tumblr-frameworks.sh",
				"${BUILT_PRODUCTS_DIR}/Alamofire/Alamofire.framework",
				"${BUILT_PRODUCTS_DIR}/AlamofireImage/AlamofireImage.framework",
			);
			name = "[CP] Embed Pods Frameworks";
			outputPaths = (
				"${TARGET_BUILD_DIR}/${FRAMEWORKS_FOLDER_PATH}/Alamofire.framework",
				"${TARGET_BUILD_DIR}/${FRAMEWORKS_FOLDER_PATH}/AlamofireImage.framework",
			);
			runOnlyForDeploymentPostprocessing = 0;
			shellPath = /bin/sh;
			shellScript = "\"${SRCROOT}/Pods/Target Support Files/Pods-Tumblr/Pods-Tumblr-frameworks.sh\"\n";
			showEnvVarsInLog = 0;
		};
		5B86D4E6729445CC4F9779F0 /* [CP] Check Pods Manifest.lock */ = {
			isa = PBXShellScriptBuildPhase;
			buildActionMask = 2147483647;
			files = (
			);
			inputPaths = (
				"${PODS_PODFILE_DIR_PATH}/Podfile.lock",
				"${PODS_ROOT}/Manifest.lock",
			);
			name = "[CP] Check Pods Manifest.lock";
			outputPaths = (
				"$(DERIVED_FILE_DIR)/Pods-TumblrUITests-checkManifestLockResult.txt",
			);
			runOnlyForDeploymentPostprocessing = 0;
			shellPath = /bin/sh;
			shellScript = "diff \"${PODS_PODFILE_DIR_PATH}/Podfile.lock\" \"${PODS_ROOT}/Manifest.lock\" > /dev/null\nif [ $? != 0 ] ; then\n    # print error to STDERR\n    echo \"error: The sandbox is not in sync with the Podfile.lock. Run 'pod install' or update your CocoaPods installation.\" >&2\n    exit 1\nfi\n# This output is used by Xcode 'outputs' to avoid re-running this script phase.\necho \"SUCCESS\" > \"${SCRIPT_OUTPUT_FILE_0}\"\n";
			showEnvVarsInLog = 0;
		};
		BD0B0FAC6F755DCC7565A213 /* [CP] Check Pods Manifest.lock */ = {
			isa = PBXShellScriptBuildPhase;
			buildActionMask = 2147483647;
			files = (
			);
			inputPaths = (
				"${PODS_PODFILE_DIR_PATH}/Podfile.lock",
				"${PODS_ROOT}/Manifest.lock",
			);
			name = "[CP] Check Pods Manifest.lock";
			outputPaths = (
				"$(DERIVED_FILE_DIR)/Pods-TumblrTests-checkManifestLockResult.txt",
			);
			runOnlyForDeploymentPostprocessing = 0;
			shellPath = /bin/sh;
			shellScript = "diff \"${PODS_PODFILE_DIR_PATH}/Podfile.lock\" \"${PODS_ROOT}/Manifest.lock\" > /dev/null\nif [ $? != 0 ] ; then\n    # print error to STDERR\n    echo \"error: The sandbox is not in sync with the Podfile.lock. Run 'pod install' or update your CocoaPods installation.\" >&2\n    exit 1\nfi\n# This output is used by Xcode 'outputs' to avoid re-running this script phase.\necho \"SUCCESS\" > \"${SCRIPT_OUTPUT_FILE_0}\"\n";
			showEnvVarsInLog = 0;
		};
/* End PBXShellScriptBuildPhase section */

/* Begin PBXSourcesBuildPhase section */
		BBE8091A212B49DB00CE5237 /* Sources */ = {
			isa = PBXSourcesBuildPhase;
			buildActionMask = 2147483647;
			files = (
				BBE80922212B49DB00CE5237 /* AppDelegate.swift in Sources */,
				BBE80950212B4A7300CE5237 /* PhotosViewController.swift in Sources */,
				BBE80952212B503400CE5237 /* PhotoTableViewCell.swift in Sources */,
				BBE80954212B53B700CE5237 /* DetailsViewController.swift in Sources */,
			);
			runOnlyForDeploymentPostprocessing = 0;
		};
		BBE8092E212B49DD00CE5237 /* Sources */ = {
			isa = PBXSourcesBuildPhase;
			buildActionMask = 2147483647;
			files = (
				BBE80937212B49DD00CE5237 /* TumblrTests.swift in Sources */,
			);
			runOnlyForDeploymentPostprocessing = 0;
		};
		BBE80939212B49DD00CE5237 /* Sources */ = {
			isa = PBXSourcesBuildPhase;
			buildActionMask = 2147483647;
			files = (
				BBE80942212B49DD00CE5237 /* TumblrUITests.swift in Sources */,
			);
			runOnlyForDeploymentPostprocessing = 0;
		};
/* End PBXSourcesBuildPhase section */

/* Begin PBXTargetDependency section */
		BBE80934212B49DD00CE5237 /* PBXTargetDependency */ = {
			isa = PBXTargetDependency;
			target = BBE8091D212B49DB00CE5237 /* Tumblr */;
			targetProxy = BBE80933212B49DD00CE5237 /* PBXContainerItemProxy */;
		};
		BBE8093F212B49DD00CE5237 /* PBXTargetDependency */ = {
			isa = PBXTargetDependency;
			target = BBE8091D212B49DB00CE5237 /* Tumblr */;
			targetProxy = BBE8093E212B49DD00CE5237 /* PBXContainerItemProxy */;
		};
/* End PBXTargetDependency section */

/* Begin PBXVariantGroup section */
		BBE80925212B49DB00CE5237 /* Main.storyboard */ = {
			isa = PBXVariantGroup;
			children = (
				BBE80926212B49DB00CE5237 /* Base */,
			);
			name = Main.storyboard;
			sourceTree = "<group>";
		};
		BBE8092A212B49DD00CE5237 /* LaunchScreen.storyboard */ = {
			isa = PBXVariantGroup;
			children = (
				BBE8092B212B49DD00CE5237 /* Base */,
			);
			name = LaunchScreen.storyboard;
			sourceTree = "<group>";
		};
/* End PBXVariantGroup section */

/* Begin XCBuildConfiguration section */
		BBE80944212B49DD00CE5237 /* Debug */ = {
			isa = XCBuildConfiguration;
			buildSettings = {
				ALWAYS_SEARCH_USER_PATHS = NO;
				CLANG_ANALYZER_NONNULL = YES;
				CLANG_ANALYZER_NUMBER_OBJECT_CONVERSION = YES_AGGRESSIVE;
				CLANG_CXX_LANGUAGE_STANDARD = "gnu++14";
				CLANG_CXX_LIBRARY = "libc++";
				CLANG_ENABLE_MODULES = YES;
				CLANG_ENABLE_OBJC_ARC = YES;
				CLANG_ENABLE_OBJC_WEAK = YES;
				CLANG_WARN_BLOCK_CAPTURE_AUTORELEASING = YES;
				CLANG_WARN_BOOL_CONVERSION = YES;
				CLANG_WARN_COMMA = YES;
				CLANG_WARN_CONSTANT_CONVERSION = YES;
				CLANG_WARN_DEPRECATED_OBJC_IMPLEMENTATIONS = YES;
				CLANG_WARN_DIRECT_OBJC_ISA_USAGE = YES_ERROR;
				CLANG_WARN_DOCUMENTATION_COMMENTS = YES;
				CLANG_WARN_EMPTY_BODY = YES;
				CLANG_WARN_ENUM_CONVERSION = YES;
				CLANG_WARN_INFINITE_RECURSION = YES;
				CLANG_WARN_INT_CONVERSION = YES;
				CLANG_WARN_NON_LITERAL_NULL_CONVERSION = YES;
				CLANG_WARN_OBJC_IMPLICIT_RETAIN_SELF = YES;
				CLANG_WARN_OBJC_LITERAL_CONVERSION = YES;
				CLANG_WARN_OBJC_ROOT_CLASS = YES_ERROR;
				CLANG_WARN_RANGE_LOOP_ANALYSIS = YES;
				CLANG_WARN_STRICT_PROTOTYPES = YES;
				CLANG_WARN_SUSPICIOUS_MOVE = YES;
				CLANG_WARN_UNGUARDED_AVAILABILITY = YES_AGGRESSIVE;
				CLANG_WARN_UNREACHABLE_CODE = YES;
				CLANG_WARN__DUPLICATE_METHOD_MATCH = YES;
				CODE_SIGN_IDENTITY = "iPhone Developer";
				COPY_PHASE_STRIP = NO;
				DEBUG_INFORMATION_FORMAT = dwarf;
				ENABLE_STRICT_OBJC_MSGSEND = YES;
				ENABLE_TESTABILITY = YES;
				GCC_C_LANGUAGE_STANDARD = gnu11;
				GCC_DYNAMIC_NO_PIC = NO;
				GCC_NO_COMMON_BLOCKS = YES;
				GCC_OPTIMIZATION_LEVEL = 0;
				GCC_PREPROCESSOR_DEFINITIONS = (
					"DEBUG=1",
					"$(inherited)",
				);
				GCC_WARN_64_TO_32_BIT_CONVERSION = YES;
				GCC_WARN_ABOUT_RETURN_TYPE = YES_ERROR;
				GCC_WARN_UNDECLARED_SELECTOR = YES;
				GCC_WARN_UNINITIALIZED_AUTOS = YES_AGGRESSIVE;
				GCC_WARN_UNUSED_FUNCTION = YES;
				GCC_WARN_UNUSED_VARIABLE = YES;
				IPHONEOS_DEPLOYMENT_TARGET = 11.4;
				MTL_ENABLE_DEBUG_INFO = YES;
				ONLY_ACTIVE_ARCH = YES;
				SDKROOT = iphoneos;
				SWIFT_ACTIVE_COMPILATION_CONDITIONS = DEBUG;
				SWIFT_OPTIMIZATION_LEVEL = "-Onone";
			};
			name = Debug;
		};
		BBE80945212B49DD00CE5237 /* Release */ = {
			isa = XCBuildConfiguration;
			buildSettings = {
				ALWAYS_SEARCH_USER_PATHS = NO;
				CLANG_ANALYZER_NONNULL = YES;
				CLANG_ANALYZER_NUMBER_OBJECT_CONVERSION = YES_AGGRESSIVE;
				CLANG_CXX_LANGUAGE_STANDARD = "gnu++14";
				CLANG_CXX_LIBRARY = "libc++";
				CLANG_ENABLE_MODULES = YES;
				CLANG_ENABLE_OBJC_ARC = YES;
				CLANG_ENABLE_OBJC_WEAK = YES;
				CLANG_WARN_BLOCK_CAPTURE_AUTORELEASING = YES;
				CLANG_WARN_BOOL_CONVERSION = YES;
				CLANG_WARN_COMMA = YES;
				CLANG_WARN_CONSTANT_CONVERSION = YES;
				CLANG_WARN_DEPRECATED_OBJC_IMPLEMENTATIONS = YES;
				CLANG_WARN_DIRECT_OBJC_ISA_USAGE = YES_ERROR;
				CLANG_WARN_DOCUMENTATION_COMMENTS = YES;
				CLANG_WARN_EMPTY_BODY = YES;
				CLANG_WARN_ENUM_CONVERSION = YES;
				CLANG_WARN_INFINITE_RECURSION = YES;
				CLANG_WARN_INT_CONVERSION = YES;
				CLANG_WARN_NON_LITERAL_NULL_CONVERSION = YES;
				CLANG_WARN_OBJC_IMPLICIT_RETAIN_SELF = YES;
				CLANG_WARN_OBJC_LITERAL_CONVERSION = YES;
				CLANG_WARN_OBJC_ROOT_CLASS = YES_ERROR;
				CLANG_WARN_RANGE_LOOP_ANALYSIS = YES;
				CLANG_WARN_STRICT_PROTOTYPES = YES;
				CLANG_WARN_SUSPICIOUS_MOVE = YES;
				CLANG_WARN_UNGUARDED_AVAILABILITY = YES_AGGRESSIVE;
				CLANG_WARN_UNREACHABLE_CODE = YES;
				CLANG_WARN__DUPLICATE_METHOD_MATCH = YES;
				CODE_SIGN_IDENTITY = "iPhone Developer";
				COPY_PHASE_STRIP = NO;
				DEBUG_INFORMATION_FORMAT = "dwarf-with-dsym";
				ENABLE_NS_ASSERTIONS = NO;
				ENABLE_STRICT_OBJC_MSGSEND = YES;
				GCC_C_LANGUAGE_STANDARD = gnu11;
				GCC_NO_COMMON_BLOCKS = YES;
				GCC_WARN_64_TO_32_BIT_CONVERSION = YES;
				GCC_WARN_ABOUT_RETURN_TYPE = YES_ERROR;
				GCC_WARN_UNDECLARED_SELECTOR = YES;
				GCC_WARN_UNINITIALIZED_AUTOS = YES_AGGRESSIVE;
				GCC_WARN_UNUSED_FUNCTION = YES;
				GCC_WARN_UNUSED_VARIABLE = YES;
				IPHONEOS_DEPLOYMENT_TARGET = 11.4;
				MTL_ENABLE_DEBUG_INFO = NO;
				SDKROOT = iphoneos;
				SWIFT_COMPILATION_MODE = wholemodule;
				SWIFT_OPTIMIZATION_LEVEL = "-O";
				VALIDATE_PRODUCT = YES;
			};
			name = Release;
		};
		BBE80947212B49DD00CE5237 /* Debug */ = {
			isa = XCBuildConfiguration;
			baseConfigurationReference = 9AA97BF9D79182B55A9D9008 /* Pods-Tumblr.debug.xcconfig */;
			buildSettings = {
				ASSETCATALOG_COMPILER_APPICON_NAME = AppIcon;
				CODE_SIGN_STYLE = Automatic;
				INFOPLIST_FILE = Tumblr/Info.plist;
				LD_RUNPATH_SEARCH_PATHS = (
					"$(inherited)",
					"@executable_path/Frameworks",
				);
				PRODUCT_BUNDLE_IDENTIFIER = com.rajeevram.Tumblr;
				PRODUCT_NAME = "$(TARGET_NAME)";
				SWIFT_VERSION = 4.0;
				TARGETED_DEVICE_FAMILY = "1,2";
			};
			name = Debug;
		};
		BBE80948212B49DD00CE5237 /* Release */ = {
			isa = XCBuildConfiguration;
			baseConfigurationReference = C17E8BB50E547586DFA0825A /* Pods-Tumblr.release.xcconfig */;
			buildSettings = {
				ASSETCATALOG_COMPILER_APPICON_NAME = AppIcon;
				CODE_SIGN_STYLE = Automatic;
				INFOPLIST_FILE = Tumblr/Info.plist;
				LD_RUNPATH_SEARCH_PATHS = (
					"$(inherited)",
					"@executable_path/Frameworks",
				);
				PRODUCT_BUNDLE_IDENTIFIER = com.rajeevram.Tumblr;
				PRODUCT_NAME = "$(TARGET_NAME)";
				SWIFT_VERSION = 4.0;
				TARGETED_DEVICE_FAMILY = "1,2";
			};
			name = Release;
		};
		BBE8094A212B49DD00CE5237 /* Debug */ = {
			isa = XCBuildConfiguration;
			baseConfigurationReference = D312F006A3FE703A2565869D /* Pods-TumblrTests.debug.xcconfig */;
			buildSettings = {
				ALWAYS_EMBED_SWIFT_STANDARD_LIBRARIES = YES;
				BUNDLE_LOADER = "$(TEST_HOST)";
				CODE_SIGN_STYLE = Automatic;
				INFOPLIST_FILE = TumblrTests/Info.plist;
				LD_RUNPATH_SEARCH_PATHS = (
					"$(inherited)",
					"@executable_path/Frameworks",
					"@loader_path/Frameworks",
				);
				PRODUCT_BUNDLE_IDENTIFIER = com.rajeevram.TumblrTests;
				PRODUCT_NAME = "$(TARGET_NAME)";
				SWIFT_VERSION = 4.0;
				TARGETED_DEVICE_FAMILY = "1,2";
				TEST_HOST = "$(BUILT_PRODUCTS_DIR)/Tumblr.app/Tumblr";
			};
			name = Debug;
		};
		BBE8094B212B49DD00CE5237 /* Release */ = {
			isa = XCBuildConfiguration;
			baseConfigurationReference = C6D98C853907F0185C34B227 /* Pods-TumblrTests.release.xcconfig */;
			buildSettings = {
				ALWAYS_EMBED_SWIFT_STANDARD_LIBRARIES = YES;
				BUNDLE_LOADER = "$(TEST_HOST)";
				CODE_SIGN_STYLE = Automatic;
				INFOPLIST_FILE = TumblrTests/Info.plist;
				LD_RUNPATH_SEARCH_PATHS = (
					"$(inherited)",
					"@executable_path/Frameworks",
					"@loader_path/Frameworks",
				);
				PRODUCT_BUNDLE_IDENTIFIER = com.rajeevram.TumblrTests;
				PRODUCT_NAME = "$(TARGET_NAME)";
				SWIFT_VERSION = 4.0;
				TARGETED_DEVICE_FAMILY = "1,2";
				TEST_HOST = "$(BUILT_PRODUCTS_DIR)/Tumblr.app/Tumblr";
			};
			name = Release;
		};
		BBE8094D212B49DD00CE5237 /* Debug */ = {
			isa = XCBuildConfiguration;
			baseConfigurationReference = B75BCDAF52B52CBADE66FCEB /* Pods-TumblrUITests.debug.xcconfig */;
			buildSettings = {
				ALWAYS_EMBED_SWIFT_STANDARD_LIBRARIES = YES;
				CODE_SIGN_STYLE = Automatic;
				INFOPLIST_FILE = TumblrUITests/Info.plist;
				LD_RUNPATH_SEARCH_PATHS = (
					"$(inherited)",
					"@executable_path/Frameworks",
					"@loader_path/Frameworks",
				);
				PRODUCT_BUNDLE_IDENTIFIER = com.rajeevram.TumblrUITests;
				PRODUCT_NAME = "$(TARGET_NAME)";
				SWIFT_VERSION = 4.0;
				TARGETED_DEVICE_FAMILY = "1,2";
				TEST_TARGET_NAME = Tumblr;
			};
			name = Debug;
		};
		BBE8094E212B49DD00CE5237 /* Release */ = {
			isa = XCBuildConfiguration;
			baseConfigurationReference = 3B7099F2DFE227AFB1C67E93 /* Pods-TumblrUITests.release.xcconfig */;
			buildSettings = {
				ALWAYS_EMBED_SWIFT_STANDARD_LIBRARIES = YES;
				CODE_SIGN_STYLE = Automatic;
				INFOPLIST_FILE = TumblrUITests/Info.plist;
				LD_RUNPATH_SEARCH_PATHS = (
					"$(inherited)",
					"@executable_path/Frameworks",
					"@loader_path/Frameworks",
				);
				PRODUCT_BUNDLE_IDENTIFIER = com.rajeevram.TumblrUITests;
				PRODUCT_NAME = "$(TARGET_NAME)";
				SWIFT_VERSION = 4.0;
				TARGETED_DEVICE_FAMILY = "1,2";
				TEST_TARGET_NAME = Tumblr;
			};
			name = Release;
		};
/* End XCBuildConfiguration section */

/* Begin XCConfigurationList section */
		BBE80919212B49DA00CE5237 /* Build configuration list for PBXProject "Tumblr" */ = {
			isa = XCConfigurationList;
			buildConfigurations = (
				BBE80944212B49DD00CE5237 /* Debug */,
				BBE80945212B49DD00CE5237 /* Release */,
			);
			defaultConfigurationIsVisible = 0;
			defaultConfigurationName = Release;
		};
		BBE80946212B49DD00CE5237 /* Build configuration list for PBXNativeTarget "Tumblr" */ = {
			isa = XCConfigurationList;
			buildConfigurations = (
				BBE80947212B49DD00CE5237 /* Debug */,
				BBE80948212B49DD00CE5237 /* Release */,
			);
			defaultConfigurationIsVisible = 0;
			defaultConfigurationName = Release;
		};
		BBE80949212B49DD00CE5237 /* Build configuration list for PBXNativeTarget "TumblrTests" */ = {
			isa = XCConfigurationList;
			buildConfigurations = (
				BBE8094A212B49DD00CE5237 /* Debug */,
				BBE8094B212B49DD00CE5237 /* Release */,
			);
			defaultConfigurationIsVisible = 0;
			defaultConfigurationName = Release;
		};
		BBE8094C212B49DD00CE5237 /* Build configuration list for PBXNativeTarget "TumblrUITests" */ = {
			isa = XCConfigurationList;
			buildConfigurations = (
				BBE8094D212B49DD00CE5237 /* Debug */,
				BBE8094E212B49DD00CE5237 /* Release */,
			);
			defaultConfigurationIsVisible = 0;
			defaultConfigurationName = Release;
		};
/* End XCConfigurationList section */
	};
	rootObject = BBE80916212B49DA00CE5237 /* Project object */;
}
